// !$*UTF8*$!
{
	archiveVersion = 1;
	classes = {
	};
	objectVersion = 50;
	objects = {

/* Begin PBXBuildFile section */
		3CB686D07AA20DC7DB49B659 /* Pods_covenderTests.framework in Frameworks */ = {isa = PBXBuildFile; fileRef = EF304BFA53039AC61041E4EA /* Pods_covenderTests.framework */; };
		7BAC203C33A0173E49749F68 /* Pods_covender.framework in Frameworks */ = {isa = PBXBuildFile; fileRef = AFB679C2C3FE0518F108CF18 /* Pods_covender.framework */; };
		C6252DB220DAAA9DD0A20CCB /* Pods_covenderUITests.framework in Frameworks */ = {isa = PBXBuildFile; fileRef = 693FE8282378767DAF7947B6 /* Pods_covenderUITests.framework */; };
		C914D9242221825300550517 /* ProdcutTableViewCell.swift in Sources */ = {isa = PBXBuildFile; fileRef = C914D9232221825300550517 /* ProdcutTableViewCell.swift */; };
		C914D93A2221C9B100550517 /* RegisterUserInteractor.swift in Sources */ = {isa = PBXBuildFile; fileRef = C914D9342221C9B000550517 /* RegisterUserInteractor.swift */; };
		C914D93B2221C9B100550517 /* RegisterUserRouter.swift in Sources */ = {isa = PBXBuildFile; fileRef = C914D9352221C9B000550517 /* RegisterUserRouter.swift */; };
		C914D93C2221C9B100550517 /* RegisterUserViewController.swift in Sources */ = {isa = PBXBuildFile; fileRef = C914D9362221C9B000550517 /* RegisterUserViewController.swift */; };
		C914D93D2221C9B100550517 /* RegisterUserPresenter.swift in Sources */ = {isa = PBXBuildFile; fileRef = C914D9372221C9B000550517 /* RegisterUserPresenter.swift */; };
		C914D93E2221C9B100550517 /* RegisterUserProtocols.swift in Sources */ = {isa = PBXBuildFile; fileRef = C914D9382221C9B000550517 /* RegisterUserProtocols.swift */; };
		C914D9412222DD1400550517 /* User.swift in Sources */ = {isa = PBXBuildFile; fileRef = C914D9402222DD1400550517 /* User.swift */; };
		D0012C5C218D7FAE00E3D6D0 /* GoogleService-Info.plist in Resources */ = {isa = PBXBuildFile; fileRef = D0012C5B218D7FAE00E3D6D0 /* GoogleService-Info.plist */; };
		D07FAEEA21B2A25D00E42BAA /* FirebaseService.swift in Sources */ = {isa = PBXBuildFile; fileRef = D07FAEE921B2A25D00E42BAA /* FirebaseService.swift */; };
		D07FAEEC21B2AAA000E42BAA /* ConversorService.swift in Sources */ = {isa = PBXBuildFile; fileRef = D07FAEEB21B2AAA000E42BAA /* ConversorService.swift */; };
		D07FAEF021B2E02700E42BAA /* SalesTableView.swift in Sources */ = {isa = PBXBuildFile; fileRef = D07FAEEF21B2E02700E42BAA /* SalesTableView.swift */; };
		D07FAEF221B2E0AB00E42BAA /* SalesTableViewController.swift in Sources */ = {isa = PBXBuildFile; fileRef = D07FAEF121B2E0AB00E42BAA /* SalesTableViewController.swift */; };
		D07FAEF421B2E80500E42BAA /* ProductService.swift in Sources */ = {isa = PBXBuildFile; fileRef = D07FAEF321B2E80500E42BAA /* ProductService.swift */; };
		D08FA280218CA0210001FD56 /* AppDelegate.swift in Sources */ = {isa = PBXBuildFile; fileRef = D08FA27F218CA0210001FD56 /* AppDelegate.swift */; };
		D08FA285218CA0210001FD56 /* Main.storyboard in Resources */ = {isa = PBXBuildFile; fileRef = D08FA283218CA0210001FD56 /* Main.storyboard */; };
		D08FA288218CA0210001FD56 /* covender.xcdatamodeld in Sources */ = {isa = PBXBuildFile; fileRef = D08FA286218CA0210001FD56 /* covender.xcdatamodeld */; };
		D08FA28A218CA0280001FD56 /* Assets.xcassets in Resources */ = {isa = PBXBuildFile; fileRef = D08FA289218CA0280001FD56 /* Assets.xcassets */; };
		D08FA28D218CA0280001FD56 /* LaunchScreen.storyboard in Resources */ = {isa = PBXBuildFile; fileRef = D08FA28B218CA0280001FD56 /* LaunchScreen.storyboard */; };
		D08FA298218CA0280001FD56 /* covenderTests.swift in Sources */ = {isa = PBXBuildFile; fileRef = D08FA297218CA0280001FD56 /* covenderTests.swift */; };
		D08FA2A3218CA0280001FD56 /* covenderUITests.swift in Sources */ = {isa = PBXBuildFile; fileRef = D08FA2A2218CA0280001FD56 /* covenderUITests.swift */; };
		D08FA2C4218CA5540001FD56 /* LoginAPIDataManager.swift in Sources */ = {isa = PBXBuildFile; fileRef = D08FA2B5218CA5540001FD56 /* LoginAPIDataManager.swift */; };
		D08FA2C5218CA5540001FD56 /* LoginLocalDataManager.swift in Sources */ = {isa = PBXBuildFile; fileRef = D08FA2B7218CA5540001FD56 /* LoginLocalDataManager.swift */; };
		D08FA2C6218CA5540001FD56 /* LoginInteractor.swift in Sources */ = {isa = PBXBuildFile; fileRef = D08FA2B9218CA5540001FD56 /* LoginInteractor.swift */; };
		D08FA2C7218CA5540001FD56 /* LoginItem.swift in Sources */ = {isa = PBXBuildFile; fileRef = D08FA2BA218CA5540001FD56 /* LoginItem.swift */; };
		D08FA2C8218CA5540001FD56 /* LoginProtocols.swift in Sources */ = {isa = PBXBuildFile; fileRef = D08FA2BC218CA5540001FD56 /* LoginProtocols.swift */; };
		D08FA2C9218CA5540001FD56 /* LoginPresenter.swift in Sources */ = {isa = PBXBuildFile; fileRef = D08FA2BF218CA5540001FD56 /* LoginPresenter.swift */; };
		D08FA2CA218CA5540001FD56 /* LoginView.swift in Sources */ = {isa = PBXBuildFile; fileRef = D08FA2C1218CA5540001FD56 /* LoginView.swift */; };
		D08FA2CB218CA5540001FD56 /* LoginWireFrame.swift in Sources */ = {isa = PBXBuildFile; fileRef = D08FA2C3218CA5540001FD56 /* LoginWireFrame.swift */; };
		D08FA2DF218CAC330001FD56 /* PurchasesAPIDataManager.swift in Sources */ = {isa = PBXBuildFile; fileRef = D08FA2D0218CAC330001FD56 /* PurchasesAPIDataManager.swift */; };
		D08FA2E0218CAC330001FD56 /* PurchasesLocalDataManager.swift in Sources */ = {isa = PBXBuildFile; fileRef = D08FA2D2218CAC330001FD56 /* PurchasesLocalDataManager.swift */; };
		D08FA2E1218CAC330001FD56 /* PurchasesInteractor.swift in Sources */ = {isa = PBXBuildFile; fileRef = D08FA2D4218CAC330001FD56 /* PurchasesInteractor.swift */; };
		D08FA2E2218CAC330001FD56 /* PurchasesItem.swift in Sources */ = {isa = PBXBuildFile; fileRef = D08FA2D5218CAC330001FD56 /* PurchasesItem.swift */; };
		D08FA2E3218CAC330001FD56 /* PurchasesProtocols.swift in Sources */ = {isa = PBXBuildFile; fileRef = D08FA2D7218CAC330001FD56 /* PurchasesProtocols.swift */; };
		D08FA2E4218CAC330001FD56 /* PurchasesPresenter.swift in Sources */ = {isa = PBXBuildFile; fileRef = D08FA2DA218CAC330001FD56 /* PurchasesPresenter.swift */; };
		D08FA2E5218CAC330001FD56 /* PurchasesView.swift in Sources */ = {isa = PBXBuildFile; fileRef = D08FA2DC218CAC330001FD56 /* PurchasesView.swift */; };
		D08FA2E6218CAC330001FD56 /* PurchasesWireFrame.swift in Sources */ = {isa = PBXBuildFile; fileRef = D08FA2DE218CAC330001FD56 /* PurchasesWireFrame.swift */; };
		D08FA2E9218CAE4B0001FD56 /* RootRouter.swift in Sources */ = {isa = PBXBuildFile; fileRef = D08FA2E8218CAE4B0001FD56 /* RootRouter.swift */; };
		D08FA2EB218CAE7A0001FD56 /* RootRouterProtocol.swift in Sources */ = {isa = PBXBuildFile; fileRef = D08FA2EA218CAE7A0001FD56 /* RootRouterProtocol.swift */; };
		D08FA2FF218CBE570001FD56 /* SalesAPIDataManager.swift in Sources */ = {isa = PBXBuildFile; fileRef = D08FA2F0218CBE570001FD56 /* SalesAPIDataManager.swift */; };
		D08FA300218CBE570001FD56 /* SalesLocalDataManager.swift in Sources */ = {isa = PBXBuildFile; fileRef = D08FA2F2218CBE570001FD56 /* SalesLocalDataManager.swift */; };
		D08FA301218CBE570001FD56 /* SalesInteractor.swift in Sources */ = {isa = PBXBuildFile; fileRef = D08FA2F4218CBE570001FD56 /* SalesInteractor.swift */; };
		D08FA302218CBE570001FD56 /* SalesItem.swift in Sources */ = {isa = PBXBuildFile; fileRef = D08FA2F5218CBE570001FD56 /* SalesItem.swift */; };
		D08FA303218CBE570001FD56 /* SalesProtocols.swift in Sources */ = {isa = PBXBuildFile; fileRef = D08FA2F7218CBE570001FD56 /* SalesProtocols.swift */; };
		D08FA304218CBE570001FD56 /* SalesPresenter.swift in Sources */ = {isa = PBXBuildFile; fileRef = D08FA2FA218CBE570001FD56 /* SalesPresenter.swift */; };
		D08FA305218CBE570001FD56 /* SalesView.swift in Sources */ = {isa = PBXBuildFile; fileRef = D08FA2FC218CBE570001FD56 /* SalesView.swift */; };
		D08FA306218CBE570001FD56 /* SalesWireFrame.swift in Sources */ = {isa = PBXBuildFile; fileRef = D08FA2FE218CBE570001FD56 /* SalesWireFrame.swift */; };
		D09CA5EE218CCB0D00B84BF9 /* NewSaleAPIDataManager.swift in Sources */ = {isa = PBXBuildFile; fileRef = D09CA5DF218CCB0C00B84BF9 /* NewSaleAPIDataManager.swift */; };
		D09CA5EF218CCB0D00B84BF9 /* NewSaleLocalDataManager.swift in Sources */ = {isa = PBXBuildFile; fileRef = D09CA5E1218CCB0C00B84BF9 /* NewSaleLocalDataManager.swift */; };
		D09CA5F0218CCB0D00B84BF9 /* NewSaleInteractor.swift in Sources */ = {isa = PBXBuildFile; fileRef = D09CA5E3218CCB0C00B84BF9 /* NewSaleInteractor.swift */; };
		D09CA5F1218CCB0D00B84BF9 /* NewSaleItem.swift in Sources */ = {isa = PBXBuildFile; fileRef = D09CA5E4218CCB0C00B84BF9 /* NewSaleItem.swift */; };
		D09CA5F2218CCB0D00B84BF9 /* NewSaleProtocols.swift in Sources */ = {isa = PBXBuildFile; fileRef = D09CA5E6218CCB0C00B84BF9 /* NewSaleProtocols.swift */; };
		D09CA5F3218CCB0D00B84BF9 /* NewSalePresenter.swift in Sources */ = {isa = PBXBuildFile; fileRef = D09CA5E9218CCB0C00B84BF9 /* NewSalePresenter.swift */; };
		D09CA5F4218CCB0D00B84BF9 /* NewSaleView.swift in Sources */ = {isa = PBXBuildFile; fileRef = D09CA5EB218CCB0C00B84BF9 /* NewSaleView.swift */; };
		D09CA5F5218CCB0D00B84BF9 /* NewSaleWireFrame.swift in Sources */ = {isa = PBXBuildFile; fileRef = D09CA5ED218CCB0C00B84BF9 /* NewSaleWireFrame.swift */; };
		D09CA5FB218D125800B84BF9 /* Product.swift in Sources */ = {isa = PBXBuildFile; fileRef = D09CA5FA218D125800B84BF9 /* Product.swift */; };
/* End PBXBuildFile section */

/* Begin PBXContainerItemProxy section */
		D08FA294218CA0280001FD56 /* PBXContainerItemProxy */ = {
			isa = PBXContainerItemProxy;
			containerPortal = D08FA274218CA0210001FD56 /* Project object */;
			proxyType = 1;
			remoteGlobalIDString = D08FA27B218CA0210001FD56;
			remoteInfo = covender;
		};
		D08FA29F218CA0280001FD56 /* PBXContainerItemProxy */ = {
			isa = PBXContainerItemProxy;
			containerPortal = D08FA274218CA0210001FD56 /* Project object */;
			proxyType = 1;
			remoteGlobalIDString = D08FA27B218CA0210001FD56;
			remoteInfo = covender;
		};
/* End PBXContainerItemProxy section */

/* Begin PBXFileReference section */
		380F82339958834C2A3A5359 /* Pods-covender.release.xcconfig */ = {isa = PBXFileReference; includeInIndex = 1; lastKnownFileType = text.xcconfig; name = "Pods-covender.release.xcconfig"; path = "Pods/Target Support Files/Pods-covender/Pods-covender.release.xcconfig"; sourceTree = "<group>"; };
		599BC982BCD79ECCAD904D95 /* Pods-covenderTests.debug.xcconfig */ = {isa = PBXFileReference; includeInIndex = 1; lastKnownFileType = text.xcconfig; name = "Pods-covenderTests.debug.xcconfig"; path = "Pods/Target Support Files/Pods-covenderTests/Pods-covenderTests.debug.xcconfig"; sourceTree = "<group>"; };
		5ABAB9FE24B8B435CAC2B025 /* Pods-covender.debug.xcconfig */ = {isa = PBXFileReference; includeInIndex = 1; lastKnownFileType = text.xcconfig; name = "Pods-covender.debug.xcconfig"; path = "Pods/Target Support Files/Pods-covender/Pods-covender.debug.xcconfig"; sourceTree = "<group>"; };
		5FDBA37DC757796B4B261A3F /* Pods-covenderUITests.release.xcconfig */ = {isa = PBXFileReference; includeInIndex = 1; lastKnownFileType = text.xcconfig; name = "Pods-covenderUITests.release.xcconfig"; path = "Pods/Target Support Files/Pods-covenderUITests/Pods-covenderUITests.release.xcconfig"; sourceTree = "<group>"; };
		6159E042488884B19455A2FE /* Pods-covenderUITests.debug.xcconfig */ = {isa = PBXFileReference; includeInIndex = 1; lastKnownFileType = text.xcconfig; name = "Pods-covenderUITests.debug.xcconfig"; path = "Pods/Target Support Files/Pods-covenderUITests/Pods-covenderUITests.debug.xcconfig"; sourceTree = "<group>"; };
		693FE8282378767DAF7947B6 /* Pods_covenderUITests.framework */ = {isa = PBXFileReference; explicitFileType = wrapper.framework; includeInIndex = 0; path = Pods_covenderUITests.framework; sourceTree = BUILT_PRODUCTS_DIR; };
		779A8BB7A9FEB190274CE60F /* Pods-covenderTests.release.xcconfig */ = {isa = PBXFileReference; includeInIndex = 1; lastKnownFileType = text.xcconfig; name = "Pods-covenderTests.release.xcconfig"; path = "Pods/Target Support Files/Pods-covenderTests/Pods-covenderTests.release.xcconfig"; sourceTree = "<group>"; };
		AFB679C2C3FE0518F108CF18 /* Pods_covender.framework */ = {isa = PBXFileReference; explicitFileType = wrapper.framework; includeInIndex = 0; path = Pods_covender.framework; sourceTree = BUILT_PRODUCTS_DIR; };
		C914D9232221825300550517 /* ProdcutTableViewCell.swift */ = {isa = PBXFileReference; lastKnownFileType = sourcecode.swift; path = ProdcutTableViewCell.swift; sourceTree = "<group>"; };
		C914D9342221C9B000550517 /* RegisterUserInteractor.swift */ = {isa = PBXFileReference; fileEncoding = 4; lastKnownFileType = sourcecode.swift; path = RegisterUserInteractor.swift; sourceTree = "<group>"; };
		C914D9352221C9B000550517 /* RegisterUserRouter.swift */ = {isa = PBXFileReference; fileEncoding = 4; lastKnownFileType = sourcecode.swift; path = RegisterUserRouter.swift; sourceTree = "<group>"; };
		C914D9362221C9B000550517 /* RegisterUserViewController.swift */ = {isa = PBXFileReference; fileEncoding = 4; lastKnownFileType = sourcecode.swift; path = RegisterUserViewController.swift; sourceTree = "<group>"; };
		C914D9372221C9B000550517 /* RegisterUserPresenter.swift */ = {isa = PBXFileReference; fileEncoding = 4; lastKnownFileType = sourcecode.swift; path = RegisterUserPresenter.swift; sourceTree = "<group>"; };
		C914D9382221C9B000550517 /* RegisterUserProtocols.swift */ = {isa = PBXFileReference; fileEncoding = 4; lastKnownFileType = sourcecode.swift; path = RegisterUserProtocols.swift; sourceTree = "<group>"; };
		C914D9402222DD1400550517 /* User.swift */ = {isa = PBXFileReference; lastKnownFileType = sourcecode.swift; path = User.swift; sourceTree = "<group>"; };
		D0012C5B218D7FAE00E3D6D0 /* GoogleService-Info.plist */ = {isa = PBXFileReference; fileEncoding = 4; lastKnownFileType = text.plist.xml; path = "GoogleService-Info.plist"; sourceTree = "<group>"; };
		D07FAEE921B2A25D00E42BAA /* FirebaseService.swift */ = {isa = PBXFileReference; lastKnownFileType = sourcecode.swift; path = FirebaseService.swift; sourceTree = "<group>"; };
		D07FAEEB21B2AAA000E42BAA /* ConversorService.swift */ = {isa = PBXFileReference; lastKnownFileType = sourcecode.swift; path = ConversorService.swift; sourceTree = "<group>"; };
		D07FAEEF21B2E02700E42BAA /* SalesTableView.swift */ = {isa = PBXFileReference; lastKnownFileType = sourcecode.swift; path = SalesTableView.swift; sourceTree = "<group>"; };
		D07FAEF121B2E0AB00E42BAA /* SalesTableViewController.swift */ = {isa = PBXFileReference; lastKnownFileType = sourcecode.swift; path = SalesTableViewController.swift; sourceTree = "<group>"; };
		D07FAEF321B2E80500E42BAA /* ProductService.swift */ = {isa = PBXFileReference; lastKnownFileType = sourcecode.swift; path = ProductService.swift; sourceTree = "<group>"; };
		D08FA27C218CA0210001FD56 /* covender.app */ = {isa = PBXFileReference; explicitFileType = wrapper.application; includeInIndex = 0; path = covender.app; sourceTree = BUILT_PRODUCTS_DIR; };
		D08FA27F218CA0210001FD56 /* AppDelegate.swift */ = {isa = PBXFileReference; lastKnownFileType = sourcecode.swift; path = AppDelegate.swift; sourceTree = "<group>"; };
		D08FA284218CA0210001FD56 /* Base */ = {isa = PBXFileReference; lastKnownFileType = file.storyboard; name = Base; path = Base.lproj/Main.storyboard; sourceTree = "<group>"; };
		D08FA287218CA0210001FD56 /* covender.xcdatamodel */ = {isa = PBXFileReference; lastKnownFileType = wrapper.xcdatamodel; path = covender.xcdatamodel; sourceTree = "<group>"; };
		D08FA289218CA0280001FD56 /* Assets.xcassets */ = {isa = PBXFileReference; lastKnownFileType = folder.assetcatalog; path = Assets.xcassets; sourceTree = "<group>"; };
		D08FA28C218CA0280001FD56 /* Base */ = {isa = PBXFileReference; lastKnownFileType = file.storyboard; name = Base; path = Base.lproj/LaunchScreen.storyboard; sourceTree = "<group>"; };
		D08FA28E218CA0280001FD56 /* Info.plist */ = {isa = PBXFileReference; lastKnownFileType = text.plist.xml; path = Info.plist; sourceTree = "<group>"; };
		D08FA293218CA0280001FD56 /* covenderTests.xctest */ = {isa = PBXFileReference; explicitFileType = wrapper.cfbundle; includeInIndex = 0; path = covenderTests.xctest; sourceTree = BUILT_PRODUCTS_DIR; };
		D08FA297218CA0280001FD56 /* covenderTests.swift */ = {isa = PBXFileReference; lastKnownFileType = sourcecode.swift; path = covenderTests.swift; sourceTree = "<group>"; };
		D08FA299218CA0280001FD56 /* Info.plist */ = {isa = PBXFileReference; lastKnownFileType = text.plist.xml; path = Info.plist; sourceTree = "<group>"; };
		D08FA29E218CA0280001FD56 /* covenderUITests.xctest */ = {isa = PBXFileReference; explicitFileType = wrapper.cfbundle; includeInIndex = 0; path = covenderUITests.xctest; sourceTree = BUILT_PRODUCTS_DIR; };
		D08FA2A2218CA0280001FD56 /* covenderUITests.swift */ = {isa = PBXFileReference; lastKnownFileType = sourcecode.swift; path = covenderUITests.swift; sourceTree = "<group>"; };
		D08FA2A4218CA0280001FD56 /* Info.plist */ = {isa = PBXFileReference; lastKnownFileType = text.plist.xml; path = Info.plist; sourceTree = "<group>"; };
		D08FA2B5218CA5540001FD56 /* LoginAPIDataManager.swift */ = {isa = PBXFileReference; fileEncoding = 4; lastKnownFileType = sourcecode.swift; path = LoginAPIDataManager.swift; sourceTree = "<group>"; };
		D08FA2B7218CA5540001FD56 /* LoginLocalDataManager.swift */ = {isa = PBXFileReference; fileEncoding = 4; lastKnownFileType = sourcecode.swift; path = LoginLocalDataManager.swift; sourceTree = "<group>"; };
		D08FA2B9218CA5540001FD56 /* LoginInteractor.swift */ = {isa = PBXFileReference; fileEncoding = 4; lastKnownFileType = sourcecode.swift; path = LoginInteractor.swift; sourceTree = "<group>"; };
		D08FA2BA218CA5540001FD56 /* LoginItem.swift */ = {isa = PBXFileReference; fileEncoding = 4; lastKnownFileType = sourcecode.swift; path = LoginItem.swift; sourceTree = "<group>"; };
		D08FA2BC218CA5540001FD56 /* LoginProtocols.swift */ = {isa = PBXFileReference; fileEncoding = 4; lastKnownFileType = sourcecode.swift; path = LoginProtocols.swift; sourceTree = "<group>"; };
		D08FA2BF218CA5540001FD56 /* LoginPresenter.swift */ = {isa = PBXFileReference; fileEncoding = 4; lastKnownFileType = sourcecode.swift; path = LoginPresenter.swift; sourceTree = "<group>"; };
		D08FA2C1218CA5540001FD56 /* LoginView.swift */ = {isa = PBXFileReference; fileEncoding = 4; lastKnownFileType = sourcecode.swift; path = LoginView.swift; sourceTree = "<group>"; };
		D08FA2C3218CA5540001FD56 /* LoginWireFrame.swift */ = {isa = PBXFileReference; fileEncoding = 4; lastKnownFileType = sourcecode.swift; path = LoginWireFrame.swift; sourceTree = "<group>"; };
		D08FA2D0218CAC330001FD56 /* PurchasesAPIDataManager.swift */ = {isa = PBXFileReference; fileEncoding = 4; lastKnownFileType = sourcecode.swift; path = PurchasesAPIDataManager.swift; sourceTree = "<group>"; };
		D08FA2D2218CAC330001FD56 /* PurchasesLocalDataManager.swift */ = {isa = PBXFileReference; fileEncoding = 4; lastKnownFileType = sourcecode.swift; path = PurchasesLocalDataManager.swift; sourceTree = "<group>"; };
		D08FA2D4218CAC330001FD56 /* PurchasesInteractor.swift */ = {isa = PBXFileReference; fileEncoding = 4; lastKnownFileType = sourcecode.swift; path = PurchasesInteractor.swift; sourceTree = "<group>"; };
		D08FA2D5218CAC330001FD56 /* PurchasesItem.swift */ = {isa = PBXFileReference; fileEncoding = 4; lastKnownFileType = sourcecode.swift; path = PurchasesItem.swift; sourceTree = "<group>"; };
		D08FA2D7218CAC330001FD56 /* PurchasesProtocols.swift */ = {isa = PBXFileReference; fileEncoding = 4; lastKnownFileType = sourcecode.swift; path = PurchasesProtocols.swift; sourceTree = "<group>"; };
		D08FA2DA218CAC330001FD56 /* PurchasesPresenter.swift */ = {isa = PBXFileReference; fileEncoding = 4; lastKnownFileType = sourcecode.swift; path = PurchasesPresenter.swift; sourceTree = "<group>"; };
		D08FA2DC218CAC330001FD56 /* PurchasesView.swift */ = {isa = PBXFileReference; fileEncoding = 4; lastKnownFileType = sourcecode.swift; path = PurchasesView.swift; sourceTree = "<group>"; };
		D08FA2DE218CAC330001FD56 /* PurchasesWireFrame.swift */ = {isa = PBXFileReference; fileEncoding = 4; lastKnownFileType = sourcecode.swift; path = PurchasesWireFrame.swift; sourceTree = "<group>"; };
		D08FA2E8218CAE4B0001FD56 /* RootRouter.swift */ = {isa = PBXFileReference; lastKnownFileType = sourcecode.swift; path = RootRouter.swift; sourceTree = "<group>"; };
		D08FA2EA218CAE7A0001FD56 /* RootRouterProtocol.swift */ = {isa = PBXFileReference; lastKnownFileType = sourcecode.swift; path = RootRouterProtocol.swift; sourceTree = "<group>"; };
		D08FA2F0218CBE570001FD56 /* SalesAPIDataManager.swift */ = {isa = PBXFileReference; fileEncoding = 4; lastKnownFileType = sourcecode.swift; path = SalesAPIDataManager.swift; sourceTree = "<group>"; };
		D08FA2F2218CBE570001FD56 /* SalesLocalDataManager.swift */ = {isa = PBXFileReference; fileEncoding = 4; lastKnownFileType = sourcecode.swift; path = SalesLocalDataManager.swift; sourceTree = "<group>"; };
		D08FA2F4218CBE570001FD56 /* SalesInteractor.swift */ = {isa = PBXFileReference; fileEncoding = 4; lastKnownFileType = sourcecode.swift; path = SalesInteractor.swift; sourceTree = "<group>"; };
		D08FA2F5218CBE570001FD56 /* SalesItem.swift */ = {isa = PBXFileReference; fileEncoding = 4; lastKnownFileType = sourcecode.swift; path = SalesItem.swift; sourceTree = "<group>"; };
		D08FA2F7218CBE570001FD56 /* SalesProtocols.swift */ = {isa = PBXFileReference; fileEncoding = 4; lastKnownFileType = sourcecode.swift; path = SalesProtocols.swift; sourceTree = "<group>"; };
		D08FA2FA218CBE570001FD56 /* SalesPresenter.swift */ = {isa = PBXFileReference; fileEncoding = 4; lastKnownFileType = sourcecode.swift; path = SalesPresenter.swift; sourceTree = "<group>"; };
		D08FA2FC218CBE570001FD56 /* SalesView.swift */ = {isa = PBXFileReference; fileEncoding = 4; lastKnownFileType = sourcecode.swift; path = SalesView.swift; sourceTree = "<group>"; };
		D08FA2FE218CBE570001FD56 /* SalesWireFrame.swift */ = {isa = PBXFileReference; fileEncoding = 4; lastKnownFileType = sourcecode.swift; path = SalesWireFrame.swift; sourceTree = "<group>"; };
		D09CA5DF218CCB0C00B84BF9 /* NewSaleAPIDataManager.swift */ = {isa = PBXFileReference; fileEncoding = 4; lastKnownFileType = sourcecode.swift; path = NewSaleAPIDataManager.swift; sourceTree = "<group>"; };
		D09CA5E1218CCB0C00B84BF9 /* NewSaleLocalDataManager.swift */ = {isa = PBXFileReference; fileEncoding = 4; lastKnownFileType = sourcecode.swift; path = NewSaleLocalDataManager.swift; sourceTree = "<group>"; };
		D09CA5E3218CCB0C00B84BF9 /* NewSaleInteractor.swift */ = {isa = PBXFileReference; fileEncoding = 4; lastKnownFileType = sourcecode.swift; path = NewSaleInteractor.swift; sourceTree = "<group>"; };
		D09CA5E4218CCB0C00B84BF9 /* NewSaleItem.swift */ = {isa = PBXFileReference; fileEncoding = 4; lastKnownFileType = sourcecode.swift; path = NewSaleItem.swift; sourceTree = "<group>"; };
		D09CA5E6218CCB0C00B84BF9 /* NewSaleProtocols.swift */ = {isa = PBXFileReference; fileEncoding = 4; lastKnownFileType = sourcecode.swift; path = NewSaleProtocols.swift; sourceTree = "<group>"; };
		D09CA5E9218CCB0C00B84BF9 /* NewSalePresenter.swift */ = {isa = PBXFileReference; fileEncoding = 4; lastKnownFileType = sourcecode.swift; path = NewSalePresenter.swift; sourceTree = "<group>"; };
		D09CA5EB218CCB0C00B84BF9 /* NewSaleView.swift */ = {isa = PBXFileReference; fileEncoding = 4; lastKnownFileType = sourcecode.swift; path = NewSaleView.swift; sourceTree = "<group>"; };
		D09CA5ED218CCB0C00B84BF9 /* NewSaleWireFrame.swift */ = {isa = PBXFileReference; fileEncoding = 4; lastKnownFileType = sourcecode.swift; path = NewSaleWireFrame.swift; sourceTree = "<group>"; };
		D09CA5FA218D125800B84BF9 /* Product.swift */ = {isa = PBXFileReference; lastKnownFileType = sourcecode.swift; path = Product.swift; sourceTree = "<group>"; };
		EF304BFA53039AC61041E4EA /* Pods_covenderTests.framework */ = {isa = PBXFileReference; explicitFileType = wrapper.framework; includeInIndex = 0; path = Pods_covenderTests.framework; sourceTree = BUILT_PRODUCTS_DIR; };
/* End PBXFileReference section */

/* Begin PBXFrameworksBuildPhase section */
		D08FA279218CA0210001FD56 /* Frameworks */ = {
			isa = PBXFrameworksBuildPhase;
			buildActionMask = 2147483647;
			files = (
				7BAC203C33A0173E49749F68 /* Pods_covender.framework in Frameworks */,
			);
			runOnlyForDeploymentPostprocessing = 0;
		};
		D08FA290218CA0280001FD56 /* Frameworks */ = {
			isa = PBXFrameworksBuildPhase;
			buildActionMask = 2147483647;
			files = (
				3CB686D07AA20DC7DB49B659 /* Pods_covenderTests.framework in Frameworks */,
			);
			runOnlyForDeploymentPostprocessing = 0;
		};
		D08FA29B218CA0280001FD56 /* Frameworks */ = {
			isa = PBXFrameworksBuildPhase;
			buildActionMask = 2147483647;
			files = (
				C6252DB220DAAA9DD0A20CCB /* Pods_covenderUITests.framework in Frameworks */,
			);
			runOnlyForDeploymentPostprocessing = 0;
		};
/* End PBXFrameworksBuildPhase section */

/* Begin PBXGroup section */
		30627F69A1792676BF131336 /* Pods */ = {
			isa = PBXGroup;
			children = (
				5ABAB9FE24B8B435CAC2B025 /* Pods-covender.debug.xcconfig */,
				380F82339958834C2A3A5359 /* Pods-covender.release.xcconfig */,
				599BC982BCD79ECCAD904D95 /* Pods-covenderTests.debug.xcconfig */,
				779A8BB7A9FEB190274CE60F /* Pods-covenderTests.release.xcconfig */,
				6159E042488884B19455A2FE /* Pods-covenderUITests.debug.xcconfig */,
				5FDBA37DC757796B4B261A3F /* Pods-covenderUITests.release.xcconfig */,
			);
			name = Pods;
			sourceTree = "<group>";
		};
		C914D9332221C9B000550517 /* Register */ = {
			isa = PBXGroup;
			children = (
				C914D9342221C9B000550517 /* RegisterUserInteractor.swift */,
				C914D9352221C9B000550517 /* RegisterUserRouter.swift */,
				C914D9362221C9B000550517 /* RegisterUserViewController.swift */,
				C914D9372221C9B000550517 /* RegisterUserPresenter.swift */,
				C914D9382221C9B000550517 /* RegisterUserProtocols.swift */,
			);
			path = Register;
			sourceTree = "<group>";
		};
		D07FAEE821B2A24B00E42BAA /* Services */ = {
			isa = PBXGroup;
			children = (
				D07FAEE921B2A25D00E42BAA /* FirebaseService.swift */,
				D07FAEEB21B2AAA000E42BAA /* ConversorService.swift */,
				D07FAEF321B2E80500E42BAA /* ProductService.swift */,
			);
			path = Services;
			sourceTree = "<group>";
		};
		D08FA273218CA0210001FD56 = {
			isa = PBXGroup;
			children = (
				D08FA27E218CA0210001FD56 /* covender */,
				D08FA296218CA0280001FD56 /* covenderTests */,
				D08FA2A1218CA0280001FD56 /* covenderUITests */,
				D08FA27D218CA0210001FD56 /* Products */,
				30627F69A1792676BF131336 /* Pods */,
				E5632D32DFE68DB99C42F831 /* Frameworks */,
			);
			sourceTree = "<group>";
		};
		D08FA27D218CA0210001FD56 /* Products */ = {
			isa = PBXGroup;
			children = (
				D08FA27C218CA0210001FD56 /* covender.app */,
				D08FA293218CA0280001FD56 /* covenderTests.xctest */,
				D08FA29E218CA0280001FD56 /* covenderUITests.xctest */,
			);
			name = Products;
			sourceTree = "<group>";
		};
		D08FA27E218CA0210001FD56 /* covender */ = {
			isa = PBXGroup;
			children = (
				D07FAEE821B2A24B00E42BAA /* Services */,
				D08FA30A218CC1A50001FD56 /* Entities */,
				D08FA2B0218CA5540001FD56 /* modules */,
				D08FA27F218CA0210001FD56 /* AppDelegate.swift */,
				D08FA283218CA0210001FD56 /* Main.storyboard */,
				D08FA289218CA0280001FD56 /* Assets.xcassets */,
				D08FA28B218CA0280001FD56 /* LaunchScreen.storyboard */,
				D08FA28E218CA0280001FD56 /* Info.plist */,
				D0012C5B218D7FAE00E3D6D0 /* GoogleService-Info.plist */,
				D08FA286218CA0210001FD56 /* covender.xcdatamodeld */,
			);
			path = covender;
			sourceTree = "<group>";
		};
		D08FA296218CA0280001FD56 /* covenderTests */ = {
			isa = PBXGroup;
			children = (
				D08FA297218CA0280001FD56 /* covenderTests.swift */,
				D08FA299218CA0280001FD56 /* Info.plist */,
			);
			path = covenderTests;
			sourceTree = "<group>";
		};
		D08FA2A1218CA0280001FD56 /* covenderUITests */ = {
			isa = PBXGroup;
			children = (
				D08FA2A2218CA0280001FD56 /* covenderUITests.swift */,
				D08FA2A4218CA0280001FD56 /* Info.plist */,
			);
			path = covenderUITests;
			sourceTree = "<group>";
		};
		D08FA2B0218CA5540001FD56 /* modules */ = {
			isa = PBXGroup;
			children = (
				C914D9332221C9B000550517 /* Register */,
				D08FA2E7218CAE370001FD56 /* Root */,
				D08FA2B1218CA5540001FD56 /* Login */,
				D08FA2EC218CBE570001FD56 /* Sales */,
				D08FA2CC218CAC330001FD56 /* Purchases */,
				D09CA5DB218CCB0C00B84BF9 /* NewSale */,
			);
			path = modules;
			sourceTree = "<group>";
		};
		D08FA2B1218CA5540001FD56 /* Login */ = {
			isa = PBXGroup;
			children = (
				D08FA2B2218CA5540001FD56 /* Application Logic */,
				D08FA2BB218CA5540001FD56 /* Protocols */,
				D08FA2BD218CA5540001FD56 /* User Interface */,
			);
			path = Login;
			sourceTree = "<group>";
		};
		D08FA2B2218CA5540001FD56 /* Application Logic */ = {
			isa = PBXGroup;
			children = (
				D08FA2B3218CA5540001FD56 /* DataManager */,
				D08FA2B8218CA5540001FD56 /* Interactor */,
			);
			path = "Application Logic";
			sourceTree = "<group>";
		};
		D08FA2B3218CA5540001FD56 /* DataManager */ = {
			isa = PBXGroup;
			children = (
				D08FA2B4218CA5540001FD56 /* API */,
				D08FA2B6218CA5540001FD56 /* Local */,
			);
			path = DataManager;
			sourceTree = "<group>";
		};
		D08FA2B4218CA5540001FD56 /* API */ = {
			isa = PBXGroup;
			children = (
				D08FA2B5218CA5540001FD56 /* LoginAPIDataManager.swift */,
			);
			path = API;
			sourceTree = "<group>";
		};
		D08FA2B6218CA5540001FD56 /* Local */ = {
			isa = PBXGroup;
			children = (
				D08FA2B7218CA5540001FD56 /* LoginLocalDataManager.swift */,
			);
			path = Local;
			sourceTree = "<group>";
		};
		D08FA2B8218CA5540001FD56 /* Interactor */ = {
			isa = PBXGroup;
			children = (
				D08FA2B9218CA5540001FD56 /* LoginInteractor.swift */,
				D08FA2BA218CA5540001FD56 /* LoginItem.swift */,
			);
			path = Interactor;
			sourceTree = "<group>";
		};
		D08FA2BB218CA5540001FD56 /* Protocols */ = {
			isa = PBXGroup;
			children = (
				D08FA2BC218CA5540001FD56 /* LoginProtocols.swift */,
			);
			path = Protocols;
			sourceTree = "<group>";
		};
		D08FA2BD218CA5540001FD56 /* User Interface */ = {
			isa = PBXGroup;
			children = (
				D08FA2BE218CA5540001FD56 /* Presenter */,
				D08FA2C0218CA5540001FD56 /* View */,
				D08FA2C2218CA5540001FD56 /* WireFrame */,
			);
			path = "User Interface";
			sourceTree = "<group>";
		};
		D08FA2BE218CA5540001FD56 /* Presenter */ = {
			isa = PBXGroup;
			children = (
				D08FA2BF218CA5540001FD56 /* LoginPresenter.swift */,
			);
			path = Presenter;
			sourceTree = "<group>";
		};
		D08FA2C0218CA5540001FD56 /* View */ = {
			isa = PBXGroup;
			children = (
				D08FA2C1218CA5540001FD56 /* LoginView.swift */,
			);
			path = View;
			sourceTree = "<group>";
		};
		D08FA2C2218CA5540001FD56 /* WireFrame */ = {
			isa = PBXGroup;
			children = (
				D08FA2C3218CA5540001FD56 /* LoginWireFrame.swift */,
			);
			path = WireFrame;
			sourceTree = "<group>";
		};
		D08FA2CC218CAC330001FD56 /* Purchases */ = {
			isa = PBXGroup;
			children = (
				D08FA2CD218CAC330001FD56 /* Application Logic */,
				D08FA2D6218CAC330001FD56 /* Protocols */,
				D08FA2D8218CAC330001FD56 /* User Interface */,
			);
			path = Purchases;
			sourceTree = "<group>";
		};
		D08FA2CD218CAC330001FD56 /* Application Logic */ = {
			isa = PBXGroup;
			children = (
				D08FA2CE218CAC330001FD56 /* DataManager */,
				D08FA2D3218CAC330001FD56 /* Interactor */,
			);
			path = "Application Logic";
			sourceTree = "<group>";
		};
		D08FA2CE218CAC330001FD56 /* DataManager */ = {
			isa = PBXGroup;
			children = (
				D08FA2CF218CAC330001FD56 /* API */,
				D08FA2D1218CAC330001FD56 /* Local */,
			);
			path = DataManager;
			sourceTree = "<group>";
		};
		D08FA2CF218CAC330001FD56 /* API */ = {
			isa = PBXGroup;
			children = (
				D08FA2D0218CAC330001FD56 /* PurchasesAPIDataManager.swift */,
			);
			path = API;
			sourceTree = "<group>";
		};
		D08FA2D1218CAC330001FD56 /* Local */ = {
			isa = PBXGroup;
			children = (
				D08FA2D2218CAC330001FD56 /* PurchasesLocalDataManager.swift */,
			);
			path = Local;
			sourceTree = "<group>";
		};
		D08FA2D3218CAC330001FD56 /* Interactor */ = {
			isa = PBXGroup;
			children = (
				D08FA2D4218CAC330001FD56 /* PurchasesInteractor.swift */,
				D08FA2D5218CAC330001FD56 /* PurchasesItem.swift */,
			);
			path = Interactor;
			sourceTree = "<group>";
		};
		D08FA2D6218CAC330001FD56 /* Protocols */ = {
			isa = PBXGroup;
			children = (
				D08FA2D7218CAC330001FD56 /* PurchasesProtocols.swift */,
			);
			path = Protocols;
			sourceTree = "<group>";
		};
		D08FA2D8218CAC330001FD56 /* User Interface */ = {
			isa = PBXGroup;
			children = (
				D08FA2D9218CAC330001FD56 /* Presenter */,
				D08FA2DB218CAC330001FD56 /* View */,
				D08FA2DD218CAC330001FD56 /* WireFrame */,
			);
			path = "User Interface";
			sourceTree = "<group>";
		};
		D08FA2D9218CAC330001FD56 /* Presenter */ = {
			isa = PBXGroup;
			children = (
				D08FA2DA218CAC330001FD56 /* PurchasesPresenter.swift */,
			);
			path = Presenter;
			sourceTree = "<group>";
		};
		D08FA2DB218CAC330001FD56 /* View */ = {
			isa = PBXGroup;
			children = (
				D08FA2DC218CAC330001FD56 /* PurchasesView.swift */,
			);
			path = View;
			sourceTree = "<group>";
		};
		D08FA2DD218CAC330001FD56 /* WireFrame */ = {
			isa = PBXGroup;
			children = (
				D08FA2DE218CAC330001FD56 /* PurchasesWireFrame.swift */,
			);
			path = WireFrame;
			sourceTree = "<group>";
		};
		D08FA2E7218CAE370001FD56 /* Root */ = {
			isa = PBXGroup;
			children = (
				D08FA2E8218CAE4B0001FD56 /* RootRouter.swift */,
				D08FA2EA218CAE7A0001FD56 /* RootRouterProtocol.swift */,
			);
			path = Root;
			sourceTree = "<group>";
		};
		D08FA2EC218CBE570001FD56 /* Sales */ = {
			isa = PBXGroup;
			children = (
				D08FA2ED218CBE570001FD56 /* Application Logic */,
				D08FA2F6218CBE570001FD56 /* Protocols */,
				D08FA2F8218CBE570001FD56 /* User Interface */,
			);
			path = Sales;
			sourceTree = "<group>";
		};
		D08FA2ED218CBE570001FD56 /* Application Logic */ = {
			isa = PBXGroup;
			children = (
				D08FA2EE218CBE570001FD56 /* DataManager */,
				D08FA2F3218CBE570001FD56 /* Interactor */,
			);
			path = "Application Logic";
			sourceTree = "<group>";
		};
		D08FA2EE218CBE570001FD56 /* DataManager */ = {
			isa = PBXGroup;
			children = (
				D08FA2EF218CBE570001FD56 /* API */,
				D08FA2F1218CBE570001FD56 /* Local */,
			);
			path = DataManager;
			sourceTree = "<group>";
		};
		D08FA2EF218CBE570001FD56 /* API */ = {
			isa = PBXGroup;
			children = (
				D08FA2F0218CBE570001FD56 /* SalesAPIDataManager.swift */,
			);
			path = API;
			sourceTree = "<group>";
		};
		D08FA2F1218CBE570001FD56 /* Local */ = {
			isa = PBXGroup;
			children = (
				D08FA2F2218CBE570001FD56 /* SalesLocalDataManager.swift */,
			);
			path = Local;
			sourceTree = "<group>";
		};
		D08FA2F3218CBE570001FD56 /* Interactor */ = {
			isa = PBXGroup;
			children = (
				D08FA2F4218CBE570001FD56 /* SalesInteractor.swift */,
				D08FA2F5218CBE570001FD56 /* SalesItem.swift */,
			);
			path = Interactor;
			sourceTree = "<group>";
		};
		D08FA2F6218CBE570001FD56 /* Protocols */ = {
			isa = PBXGroup;
			children = (
				D08FA2F7218CBE570001FD56 /* SalesProtocols.swift */,
			);
			path = Protocols;
			sourceTree = "<group>";
		};
		D08FA2F8218CBE570001FD56 /* User Interface */ = {
			isa = PBXGroup;
			children = (
				D08FA2F9218CBE570001FD56 /* Presenter */,
				D08FA2FB218CBE570001FD56 /* View */,
				D08FA2FD218CBE570001FD56 /* WireFrame */,
			);
			path = "User Interface";
			sourceTree = "<group>";
		};
		D08FA2F9218CBE570001FD56 /* Presenter */ = {
			isa = PBXGroup;
			children = (
				D08FA2FA218CBE570001FD56 /* SalesPresenter.swift */,
			);
			path = Presenter;
			sourceTree = "<group>";
		};
		D08FA2FB218CBE570001FD56 /* View */ = {
			isa = PBXGroup;
			children = (
				C914D9232221825300550517 /* ProdcutTableViewCell.swift */,
				D08FA2FC218CBE570001FD56 /* SalesView.swift */,
				D07FAEEF21B2E02700E42BAA /* SalesTableView.swift */,
				D07FAEF121B2E0AB00E42BAA /* SalesTableViewController.swift */,
			);
			path = View;
			sourceTree = "<group>";
		};
		D08FA2FD218CBE570001FD56 /* WireFrame */ = {
			isa = PBXGroup;
			children = (
				D08FA2FE218CBE570001FD56 /* SalesWireFrame.swift */,
			);
			path = WireFrame;
			sourceTree = "<group>";
		};
		D08FA30A218CC1A50001FD56 /* Entities */ = {
			isa = PBXGroup;
			children = (
				D09CA5FA218D125800B84BF9 /* Product.swift */,
				C914D9402222DD1400550517 /* User.swift */,
			);
			path = Entities;
			sourceTree = "<group>";
		};
		D09CA5DB218CCB0C00B84BF9 /* NewSale */ = {
			isa = PBXGroup;
			children = (
				D09CA5DC218CCB0C00B84BF9 /* Application Logic */,
				D09CA5E5218CCB0C00B84BF9 /* Protocols */,
				D09CA5E7218CCB0C00B84BF9 /* User Interface */,
			);
			path = NewSale;
			sourceTree = "<group>";
		};
		D09CA5DC218CCB0C00B84BF9 /* Application Logic */ = {
			isa = PBXGroup;
			children = (
				D09CA5DD218CCB0C00B84BF9 /* DataManager */,
				D09CA5E2218CCB0C00B84BF9 /* Interactor */,
			);
			path = "Application Logic";
			sourceTree = "<group>";
		};
		D09CA5DD218CCB0C00B84BF9 /* DataManager */ = {
			isa = PBXGroup;
			children = (
				D09CA5DE218CCB0C00B84BF9 /* API */,
				D09CA5E0218CCB0C00B84BF9 /* Local */,
			);
			path = DataManager;
			sourceTree = "<group>";
		};
		D09CA5DE218CCB0C00B84BF9 /* API */ = {
			isa = PBXGroup;
			children = (
				D09CA5DF218CCB0C00B84BF9 /* NewSaleAPIDataManager.swift */,
			);
			path = API;
			sourceTree = "<group>";
		};
		D09CA5E0218CCB0C00B84BF9 /* Local */ = {
			isa = PBXGroup;
			children = (
				D09CA5E1218CCB0C00B84BF9 /* NewSaleLocalDataManager.swift */,
			);
			path = Local;
			sourceTree = "<group>";
		};
		D09CA5E2218CCB0C00B84BF9 /* Interactor */ = {
			isa = PBXGroup;
			children = (
				D09CA5E3218CCB0C00B84BF9 /* NewSaleInteractor.swift */,
				D09CA5E4218CCB0C00B84BF9 /* NewSaleItem.swift */,
			);
			path = Interactor;
			sourceTree = "<group>";
		};
		D09CA5E5218CCB0C00B84BF9 /* Protocols */ = {
			isa = PBXGroup;
			children = (
				D09CA5E6218CCB0C00B84BF9 /* NewSaleProtocols.swift */,
			);
			path = Protocols;
			sourceTree = "<group>";
		};
		D09CA5E7218CCB0C00B84BF9 /* User Interface */ = {
			isa = PBXGroup;
			children = (
				D09CA5E8218CCB0C00B84BF9 /* Presenter */,
				D09CA5EA218CCB0C00B84BF9 /* View */,
				D09CA5EC218CCB0C00B84BF9 /* WireFrame */,
			);
			path = "User Interface";
			sourceTree = "<group>";
		};
		D09CA5E8218CCB0C00B84BF9 /* Presenter */ = {
			isa = PBXGroup;
			children = (
				D09CA5E9218CCB0C00B84BF9 /* NewSalePresenter.swift */,
			);
			path = Presenter;
			sourceTree = "<group>";
		};
		D09CA5EA218CCB0C00B84BF9 /* View */ = {
			isa = PBXGroup;
			children = (
				D09CA5EB218CCB0C00B84BF9 /* NewSaleView.swift */,
			);
			path = View;
			sourceTree = "<group>";
		};
		D09CA5EC218CCB0C00B84BF9 /* WireFrame */ = {
			isa = PBXGroup;
			children = (
				D09CA5ED218CCB0C00B84BF9 /* NewSaleWireFrame.swift */,
			);
			path = WireFrame;
			sourceTree = "<group>";
		};
		E5632D32DFE68DB99C42F831 /* Frameworks */ = {
			isa = PBXGroup;
			children = (
				AFB679C2C3FE0518F108CF18 /* Pods_covender.framework */,
				EF304BFA53039AC61041E4EA /* Pods_covenderTests.framework */,
				693FE8282378767DAF7947B6 /* Pods_covenderUITests.framework */,
			);
			name = Frameworks;
			sourceTree = "<group>";
		};
/* End PBXGroup section */

/* Begin PBXNativeTarget section */
		D08FA27B218CA0210001FD56 /* covender */ = {
			isa = PBXNativeTarget;
			buildConfigurationList = D08FA2A7218CA0280001FD56 /* Build configuration list for PBXNativeTarget "covender" */;
			buildPhases = (
				AEA96A842E6EF28B3AEC78E7 /* [CP] Check Pods Manifest.lock */,
				D08FA278218CA0210001FD56 /* Sources */,
				D08FA279218CA0210001FD56 /* Frameworks */,
				D08FA27A218CA0210001FD56 /* Resources */,
				404B3818B2010D79070A9788 /* [CP] Embed Pods Frameworks */,
			);
			buildRules = (
			);
			dependencies = (
			);
			name = covender;
			productName = covender;
			productReference = D08FA27C218CA0210001FD56 /* covender.app */;
			productType = "com.apple.product-type.application";
		};
		D08FA292218CA0280001FD56 /* covenderTests */ = {
			isa = PBXNativeTarget;
			buildConfigurationList = D08FA2AA218CA0280001FD56 /* Build configuration list for PBXNativeTarget "covenderTests" */;
			buildPhases = (
				681FF52BE1509B97A7512E14 /* [CP] Check Pods Manifest.lock */,
				D08FA28F218CA0280001FD56 /* Sources */,
				D08FA290218CA0280001FD56 /* Frameworks */,
				D08FA291218CA0280001FD56 /* Resources */,
			);
			buildRules = (
			);
			dependencies = (
				D08FA295218CA0280001FD56 /* PBXTargetDependency */,
			);
			name = covenderTests;
			productName = covenderTests;
			productReference = D08FA293218CA0280001FD56 /* covenderTests.xctest */;
			productType = "com.apple.product-type.bundle.unit-test";
		};
		D08FA29D218CA0280001FD56 /* covenderUITests */ = {
			isa = PBXNativeTarget;
			buildConfigurationList = D08FA2AD218CA0280001FD56 /* Build configuration list for PBXNativeTarget "covenderUITests" */;
			buildPhases = (
				E16F18E866F915012F517472 /* [CP] Check Pods Manifest.lock */,
				D08FA29A218CA0280001FD56 /* Sources */,
				D08FA29B218CA0280001FD56 /* Frameworks */,
				D08FA29C218CA0280001FD56 /* Resources */,
			);
			buildRules = (
			);
			dependencies = (
				D08FA2A0218CA0280001FD56 /* PBXTargetDependency */,
			);
			name = covenderUITests;
			productName = covenderUITests;
			productReference = D08FA29E218CA0280001FD56 /* covenderUITests.xctest */;
			productType = "com.apple.product-type.bundle.ui-testing";
		};
/* End PBXNativeTarget section */

/* Begin PBXProject section */
		D08FA274218CA0210001FD56 /* Project object */ = {
			isa = PBXProject;
			attributes = {
				LastSwiftUpdateCheck = 0930;
				LastUpgradeCheck = 0930;
				ORGANIZATIONNAME = "Marc Tamarit";
				TargetAttributes = {
					D08FA27B218CA0210001FD56 = {
						CreatedOnToolsVersion = 9.3;
					};
					D08FA292218CA0280001FD56 = {
						CreatedOnToolsVersion = 9.3;
						TestTargetID = D08FA27B218CA0210001FD56;
					};
					D08FA29D218CA0280001FD56 = {
						CreatedOnToolsVersion = 9.3;
						TestTargetID = D08FA27B218CA0210001FD56;
					};
				};
			};
			buildConfigurationList = D08FA277218CA0210001FD56 /* Build configuration list for PBXProject "covender" */;
			compatibilityVersion = "Xcode 9.3";
			developmentRegion = en;
			hasScannedForEncodings = 0;
			knownRegions = (
				en,
				Base,
			);
			mainGroup = D08FA273218CA0210001FD56;
			productRefGroup = D08FA27D218CA0210001FD56 /* Products */;
			projectDirPath = "";
			projectRoot = "";
			targets = (
				D08FA27B218CA0210001FD56 /* covender */,
				D08FA292218CA0280001FD56 /* covenderTests */,
				D08FA29D218CA0280001FD56 /* covenderUITests */,
			);
		};
/* End PBXProject section */

/* Begin PBXResourcesBuildPhase section */
		D08FA27A218CA0210001FD56 /* Resources */ = {
			isa = PBXResourcesBuildPhase;
			buildActionMask = 2147483647;
			files = (
				D08FA28D218CA0280001FD56 /* LaunchScreen.storyboard in Resources */,
				D0012C5C218D7FAE00E3D6D0 /* GoogleService-Info.plist in Resources */,
				D08FA28A218CA0280001FD56 /* Assets.xcassets in Resources */,
				D08FA285218CA0210001FD56 /* Main.storyboard in Resources */,
			);
			runOnlyForDeploymentPostprocessing = 0;
		};
		D08FA291218CA0280001FD56 /* Resources */ = {
			isa = PBXResourcesBuildPhase;
			buildActionMask = 2147483647;
			files = (
			);
			runOnlyForDeploymentPostprocessing = 0;
		};
		D08FA29C218CA0280001FD56 /* Resources */ = {
			isa = PBXResourcesBuildPhase;
			buildActionMask = 2147483647;
			files = (
			);
			runOnlyForDeploymentPostprocessing = 0;
		};
/* End PBXResourcesBuildPhase section */

/* Begin PBXShellScriptBuildPhase section */
		404B3818B2010D79070A9788 /* [CP] Embed Pods Frameworks */ = {
			isa = PBXShellScriptBuildPhase;
			buildActionMask = 2147483647;
			files = (
			);
			inputPaths = (
				"${PODS_ROOT}/Target Support Files/Pods-covender/Pods-covender-frameworks.sh",
				"${BUILT_PRODUCTS_DIR}/CodableFirebase/CodableFirebase.framework",
				"${BUILT_PRODUCTS_DIR}/GoogleToolboxForMac/GoogleToolboxForMac.framework",
				"${BUILT_PRODUCTS_DIR}/MDFInternationalization/MDFInternationalization.framework",
				"${BUILT_PRODUCTS_DIR}/MDFTextAccessibility/MDFTextAccessibility.framework",
				"${BUILT_PRODUCTS_DIR}/MaterialComponents/MaterialComponents.framework",
				"${BUILT_PRODUCTS_DIR}/TableViewKit/TableViewKit.framework",
				"${BUILT_PRODUCTS_DIR}/leveldb-library/leveldb.framework",
				"${BUILT_PRODUCTS_DIR}/nanopb/nanopb.framework",
			);
			name = "[CP] Embed Pods Frameworks";
			outputPaths = (
				"${TARGET_BUILD_DIR}/${FRAMEWORKS_FOLDER_PATH}/CodableFirebase.framework",
				"${TARGET_BUILD_DIR}/${FRAMEWORKS_FOLDER_PATH}/GoogleToolboxForMac.framework",
				"${TARGET_BUILD_DIR}/${FRAMEWORKS_FOLDER_PATH}/MDFInternationalization.framework",
				"${TARGET_BUILD_DIR}/${FRAMEWORKS_FOLDER_PATH}/MDFTextAccessibility.framework",
				"${TARGET_BUILD_DIR}/${FRAMEWORKS_FOLDER_PATH}/MaterialComponents.framework",
				"${TARGET_BUILD_DIR}/${FRAMEWORKS_FOLDER_PATH}/TableViewKit.framework",
				"${TARGET_BUILD_DIR}/${FRAMEWORKS_FOLDER_PATH}/leveldb.framework",
				"${TARGET_BUILD_DIR}/${FRAMEWORKS_FOLDER_PATH}/nanopb.framework",
			);
			runOnlyForDeploymentPostprocessing = 0;
			shellPath = /bin/sh;
			shellScript = "\"${PODS_ROOT}/Target Support Files/Pods-covender/Pods-covender-frameworks.sh\"\n";
			showEnvVarsInLog = 0;
		};
		681FF52BE1509B97A7512E14 /* [CP] Check Pods Manifest.lock */ = {
			isa = PBXShellScriptBuildPhase;
			buildActionMask = 2147483647;
			files = (
			);
			inputPaths = (
				"${PODS_PODFILE_DIR_PATH}/Podfile.lock",
				"${PODS_ROOT}/Manifest.lock",
			);
			name = "[CP] Check Pods Manifest.lock";
			outputPaths = (
				"$(DERIVED_FILE_DIR)/Pods-covenderTests-checkManifestLockResult.txt",
			);
			runOnlyForDeploymentPostprocessing = 0;
			shellPath = /bin/sh;
			shellScript = "diff \"${PODS_PODFILE_DIR_PATH}/Podfile.lock\" \"${PODS_ROOT}/Manifest.lock\" > /dev/null\nif [ $? != 0 ] ; then\n    # print error to STDERR\n    echo \"error: The sandbox is not in sync with the Podfile.lock. Run 'pod install' or update your CocoaPods installation.\" >&2\n    exit 1\nfi\n# This output is used by Xcode 'outputs' to avoid re-running this script phase.\necho \"SUCCESS\" > \"${SCRIPT_OUTPUT_FILE_0}\"\n";
			showEnvVarsInLog = 0;
		};
		AEA96A842E6EF28B3AEC78E7 /* [CP] Check Pods Manifest.lock */ = {
			isa = PBXShellScriptBuildPhase;
			buildActionMask = 2147483647;
			files = (
			);
			inputPaths = (
				"${PODS_PODFILE_DIR_PATH}/Podfile.lock",
				"${PODS_ROOT}/Manifest.lock",
			);
			name = "[CP] Check Pods Manifest.lock";
			outputPaths = (
				"$(DERIVED_FILE_DIR)/Pods-covender-checkManifestLockResult.txt",
			);
			runOnlyForDeploymentPostprocessing = 0;
			shellPath = /bin/sh;
			shellScript = "diff \"${PODS_PODFILE_DIR_PATH}/Podfile.lock\" \"${PODS_ROOT}/Manifest.lock\" > /dev/null\nif [ $? != 0 ] ; then\n    # print error to STDERR\n    echo \"error: The sandbox is not in sync with the Podfile.lock. Run 'pod install' or update your CocoaPods installation.\" >&2\n    exit 1\nfi\n# This output is used by Xcode 'outputs' to avoid re-running this script phase.\necho \"SUCCESS\" > \"${SCRIPT_OUTPUT_FILE_0}\"\n";
			showEnvVarsInLog = 0;
		};
		E16F18E866F915012F517472 /* [CP] Check Pods Manifest.lock */ = {
			isa = PBXShellScriptBuildPhase;
			buildActionMask = 2147483647;
			files = (
			);
			inputPaths = (
				"${PODS_PODFILE_DIR_PATH}/Podfile.lock",
				"${PODS_ROOT}/Manifest.lock",
			);
			name = "[CP] Check Pods Manifest.lock";
			outputPaths = (
				"$(DERIVED_FILE_DIR)/Pods-covenderUITests-checkManifestLockResult.txt",
			);
			runOnlyForDeploymentPostprocessing = 0;
			shellPath = /bin/sh;
			shellScript = "diff \"${PODS_PODFILE_DIR_PATH}/Podfile.lock\" \"${PODS_ROOT}/Manifest.lock\" > /dev/null\nif [ $? != 0 ] ; then\n    # print error to STDERR\n    echo \"error: The sandbox is not in sync with the Podfile.lock. Run 'pod install' or update your CocoaPods installation.\" >&2\n    exit 1\nfi\n# This output is used by Xcode 'outputs' to avoid re-running this script phase.\necho \"SUCCESS\" > \"${SCRIPT_OUTPUT_FILE_0}\"\n";
			showEnvVarsInLog = 0;
		};
/* End PBXShellScriptBuildPhase section */

/* Begin PBXSourcesBuildPhase section */
		D08FA278218CA0210001FD56 /* Sources */ = {
			isa = PBXSourcesBuildPhase;
			buildActionMask = 2147483647;
			files = (
				D07FAEEA21B2A25D00E42BAA /* FirebaseService.swift in Sources */,
				D08FA2C4218CA5540001FD56 /* LoginAPIDataManager.swift in Sources */,
				C914D93A2221C9B100550517 /* RegisterUserInteractor.swift in Sources */,
				D08FA2DF218CAC330001FD56 /* PurchasesAPIDataManager.swift in Sources */,
				C914D9242221825300550517 /* ProdcutTableViewCell.swift in Sources */,
				D09CA5EE218CCB0D00B84BF9 /* NewSaleAPIDataManager.swift in Sources */,
				D08FA300218CBE570001FD56 /* SalesLocalDataManager.swift in Sources */,
				D07FAEF421B2E80500E42BAA /* ProductService.swift in Sources */,
				D08FA301218CBE570001FD56 /* SalesInteractor.swift in Sources */,
				C914D93B2221C9B100550517 /* RegisterUserRouter.swift in Sources */,
				D08FA2E9218CAE4B0001FD56 /* RootRouter.swift in Sources */,
				D08FA2FF218CBE570001FD56 /* SalesAPIDataManager.swift in Sources */,
				D08FA2E3218CAC330001FD56 /* PurchasesProtocols.swift in Sources */,
				C914D93C2221C9B100550517 /* RegisterUserViewController.swift in Sources */,
				D08FA2E6218CAC330001FD56 /* PurchasesWireFrame.swift in Sources */,
				D09CA5EF218CCB0D00B84BF9 /* NewSaleLocalDataManager.swift in Sources */,
				D09CA5F2218CCB0D00B84BF9 /* NewSaleProtocols.swift in Sources */,
				D09CA5F1218CCB0D00B84BF9 /* NewSaleItem.swift in Sources */,
				D07FAEEC21B2AAA000E42BAA /* ConversorService.swift in Sources */,
				D08FA2C6218CA5540001FD56 /* LoginInteractor.swift in Sources */,
				D08FA2E2218CAC330001FD56 /* PurchasesItem.swift in Sources */,
				D09CA5F4218CCB0D00B84BF9 /* NewSaleView.swift in Sources */,
				D08FA2C9218CA5540001FD56 /* LoginPresenter.swift in Sources */,
				D08FA280218CA0210001FD56 /* AppDelegate.swift in Sources */,
				D08FA2CB218CA5540001FD56 /* LoginWireFrame.swift in Sources */,
				D09CA5F0218CCB0D00B84BF9 /* NewSaleInteractor.swift in Sources */,
				C914D93D2221C9B100550517 /* RegisterUserPresenter.swift in Sources */,
				D08FA306218CBE570001FD56 /* SalesWireFrame.swift in Sources */,
				D08FA303218CBE570001FD56 /* SalesProtocols.swift in Sources */,
				D08FA288218CA0210001FD56 /* covender.xcdatamodeld in Sources */,
				D08FA2E5218CAC330001FD56 /* PurchasesView.swift in Sources */,
				D08FA2E4218CAC330001FD56 /* PurchasesPresenter.swift in Sources */,
				D07FAEF021B2E02700E42BAA /* SalesTableView.swift in Sources */,
				D08FA304218CBE570001FD56 /* SalesPresenter.swift in Sources */,
				C914D93E2221C9B100550517 /* RegisterUserProtocols.swift in Sources */,
				D08FA305218CBE570001FD56 /* SalesView.swift in Sources */,
				D08FA2C8218CA5540001FD56 /* LoginProtocols.swift in Sources */,
				D09CA5FB218D125800B84BF9 /* Product.swift in Sources */,
				D07FAEF221B2E0AB00E42BAA /* SalesTableViewController.swift in Sources */,
				D08FA302218CBE570001FD56 /* SalesItem.swift in Sources */,
				D08FA2E0218CAC330001FD56 /* PurchasesLocalDataManager.swift in Sources */,
				C914D9412222DD1400550517 /* User.swift in Sources */,
				D08FA2C5218CA5540001FD56 /* LoginLocalDataManager.swift in Sources */,
				D08FA2CA218CA5540001FD56 /* LoginView.swift in Sources */,
				D09CA5F3218CCB0D00B84BF9 /* NewSalePresenter.swift in Sources */,
				D08FA2C7218CA5540001FD56 /* LoginItem.swift in Sources */,
				D08FA2EB218CAE7A0001FD56 /* RootRouterProtocol.swift in Sources */,
				D09CA5F5218CCB0D00B84BF9 /* NewSaleWireFrame.swift in Sources */,
				D08FA2E1218CAC330001FD56 /* PurchasesInteractor.swift in Sources */,
			);
			runOnlyForDeploymentPostprocessing = 0;
		};
		D08FA28F218CA0280001FD56 /* Sources */ = {
			isa = PBXSourcesBuildPhase;
			buildActionMask = 2147483647;
			files = (
				D08FA298218CA0280001FD56 /* covenderTests.swift in Sources */,
			);
			runOnlyForDeploymentPostprocessing = 0;
		};
		D08FA29A218CA0280001FD56 /* Sources */ = {
			isa = PBXSourcesBuildPhase;
			buildActionMask = 2147483647;
			files = (
				D08FA2A3218CA0280001FD56 /* covenderUITests.swift in Sources */,
			);
			runOnlyForDeploymentPostprocessing = 0;
		};
/* End PBXSourcesBuildPhase section */

/* Begin PBXTargetDependency section */
		D08FA295218CA0280001FD56 /* PBXTargetDependency */ = {
			isa = PBXTargetDependency;
			target = D08FA27B218CA0210001FD56 /* covender */;
			targetProxy = D08FA294218CA0280001FD56 /* PBXContainerItemProxy */;
		};
		D08FA2A0218CA0280001FD56 /* PBXTargetDependency */ = {
			isa = PBXTargetDependency;
			target = D08FA27B218CA0210001FD56 /* covender */;
			targetProxy = D08FA29F218CA0280001FD56 /* PBXContainerItemProxy */;
		};
/* End PBXTargetDependency section */

/* Begin PBXVariantGroup section */
		D08FA283218CA0210001FD56 /* Main.storyboard */ = {
			isa = PBXVariantGroup;
			children = (
				D08FA284218CA0210001FD56 /* Base */,
			);
			name = Main.storyboard;
			sourceTree = "<group>";
		};
		D08FA28B218CA0280001FD56 /* LaunchScreen.storyboard */ = {
			isa = PBXVariantGroup;
			children = (
				D08FA28C218CA0280001FD56 /* Base */,
			);
			name = LaunchScreen.storyboard;
			sourceTree = "<group>";
		};
/* End PBXVariantGroup section */

/* Begin XCBuildConfiguration section */
		D08FA2A5218CA0280001FD56 /* Debug */ = {
			isa = XCBuildConfiguration;
			buildSettings = {
				ALWAYS_SEARCH_USER_PATHS = NO;
				CLANG_ANALYZER_NONNULL = YES;
				CLANG_ANALYZER_NUMBER_OBJECT_CONVERSION = YES_AGGRESSIVE;
				CLANG_CXX_LANGUAGE_STANDARD = "gnu++14";
				CLANG_CXX_LIBRARY = "libc++";
				CLANG_ENABLE_MODULES = YES;
				CLANG_ENABLE_OBJC_ARC = YES;
				CLANG_ENABLE_OBJC_WEAK = YES;
				CLANG_WARN_BLOCK_CAPTURE_AUTORELEASING = YES;
				CLANG_WARN_BOOL_CONVERSION = YES;
				CLANG_WARN_COMMA = YES;
				CLANG_WARN_CONSTANT_CONVERSION = YES;
				CLANG_WARN_DEPRECATED_OBJC_IMPLEMENTATIONS = YES;
				CLANG_WARN_DIRECT_OBJC_ISA_USAGE = YES_ERROR;
				CLANG_WARN_DOCUMENTATION_COMMENTS = YES;
				CLANG_WARN_EMPTY_BODY = YES;
				CLANG_WARN_ENUM_CONVERSION = YES;
				CLANG_WARN_INFINITE_RECURSION = YES;
				CLANG_WARN_INT_CONVERSION = YES;
				CLANG_WARN_NON_LITERAL_NULL_CONVERSION = YES;
				CLANG_WARN_OBJC_IMPLICIT_RETAIN_SELF = YES;
				CLANG_WARN_OBJC_LITERAL_CONVERSION = YES;
				CLANG_WARN_OBJC_ROOT_CLASS = YES_ERROR;
				CLANG_WARN_RANGE_LOOP_ANALYSIS = YES;
				CLANG_WARN_STRICT_PROTOTYPES = YES;
				CLANG_WARN_SUSPICIOUS_MOVE = YES;
				CLANG_WARN_UNGUARDED_AVAILABILITY = YES_AGGRESSIVE;
				CLANG_WARN_UNREACHABLE_CODE = YES;
				CLANG_WARN__DUPLICATE_METHOD_MATCH = YES;
				CODE_SIGN_IDENTITY = "iPhone Developer";
				COPY_PHASE_STRIP = NO;
				DEBUG_INFORMATION_FORMAT = dwarf;
				ENABLE_STRICT_OBJC_MSGSEND = YES;
				ENABLE_TESTABILITY = YES;
				GCC_C_LANGUAGE_STANDARD = gnu11;
				GCC_DYNAMIC_NO_PIC = NO;
				GCC_NO_COMMON_BLOCKS = YES;
				GCC_OPTIMIZATION_LEVEL = 0;
				GCC_PREPROCESSOR_DEFINITIONS = (
					"DEBUG=1",
					"$(inherited)",
				);
				GCC_WARN_64_TO_32_BIT_CONVERSION = YES;
				GCC_WARN_ABOUT_RETURN_TYPE = YES_ERROR;
				GCC_WARN_UNDECLARED_SELECTOR = YES;
				GCC_WARN_UNINITIALIZED_AUTOS = YES_AGGRESSIVE;
				GCC_WARN_UNUSED_FUNCTION = YES;
				GCC_WARN_UNUSED_VARIABLE = YES;
				IPHONEOS_DEPLOYMENT_TARGET = 11.3;
				MTL_ENABLE_DEBUG_INFO = YES;
				ONLY_ACTIVE_ARCH = YES;
				SDKROOT = iphoneos;
				SWIFT_ACTIVE_COMPILATION_CONDITIONS = DEBUG;
				SWIFT_OPTIMIZATION_LEVEL = "-Onone";
			};
			name = Debug;
		};
		D08FA2A6218CA0280001FD56 /* Release */ = {
			isa = XCBuildConfiguration;
			buildSettings = {
				ALWAYS_SEARCH_USER_PATHS = NO;
				CLANG_ANALYZER_NONNULL = YES;
				CLANG_ANALYZER_NUMBER_OBJECT_CONVERSION = YES_AGGRESSIVE;
				CLANG_CXX_LANGUAGE_STANDARD = "gnu++14";
				CLANG_CXX_LIBRARY = "libc++";
				CLANG_ENABLE_MODULES = YES;
				CLANG_ENABLE_OBJC_ARC = YES;
				CLANG_ENABLE_OBJC_WEAK = YES;
				CLANG_WARN_BLOCK_CAPTURE_AUTORELEASING = YES;
				CLANG_WARN_BOOL_CONVERSION = YES;
				CLANG_WARN_COMMA = YES;
				CLANG_WARN_CONSTANT_CONVERSION = YES;
				CLANG_WARN_DEPRECATED_OBJC_IMPLEMENTATIONS = YES;
				CLANG_WARN_DIRECT_OBJC_ISA_USAGE = YES_ERROR;
				CLANG_WARN_DOCUMENTATION_COMMENTS = YES;
				CLANG_WARN_EMPTY_BODY = YES;
				CLANG_WARN_ENUM_CONVERSION = YES;
				CLANG_WARN_INFINITE_RECURSION = YES;
				CLANG_WARN_INT_CONVERSION = YES;
				CLANG_WARN_NON_LITERAL_NULL_CONVERSION = YES;
				CLANG_WARN_OBJC_IMPLICIT_RETAIN_SELF = YES;
				CLANG_WARN_OBJC_LITERAL_CONVERSION = YES;
				CLANG_WARN_OBJC_ROOT_CLASS = YES_ERROR;
				CLANG_WARN_RANGE_LOOP_ANALYSIS = YES;
				CLANG_WARN_STRICT_PROTOTYPES = YES;
				CLANG_WARN_SUSPICIOUS_MOVE = YES;
				CLANG_WARN_UNGUARDED_AVAILABILITY = YES_AGGRESSIVE;
				CLANG_WARN_UNREACHABLE_CODE = YES;
				CLANG_WARN__DUPLICATE_METHOD_MATCH = YES;
				CODE_SIGN_IDENTITY = "iPhone Developer";
				COPY_PHASE_STRIP = NO;
				DEBUG_INFORMATION_FORMAT = "dwarf-with-dsym";
				ENABLE_NS_ASSERTIONS = NO;
				ENABLE_STRICT_OBJC_MSGSEND = YES;
				GCC_C_LANGUAGE_STANDARD = gnu11;
				GCC_NO_COMMON_BLOCKS = YES;
				GCC_WARN_64_TO_32_BIT_CONVERSION = YES;
				GCC_WARN_ABOUT_RETURN_TYPE = YES_ERROR;
				GCC_WARN_UNDECLARED_SELECTOR = YES;
				GCC_WARN_UNINITIALIZED_AUTOS = YES_AGGRESSIVE;
				GCC_WARN_UNUSED_FUNCTION = YES;
				GCC_WARN_UNUSED_VARIABLE = YES;
				IPHONEOS_DEPLOYMENT_TARGET = 11.3;
				MTL_ENABLE_DEBUG_INFO = NO;
				SDKROOT = iphoneos;
				SWIFT_COMPILATION_MODE = wholemodule;
				SWIFT_OPTIMIZATION_LEVEL = "-O";
				VALIDATE_PRODUCT = YES;
			};
			name = Release;
		};
		D08FA2A8218CA0280001FD56 /* Debug */ = {
			isa = XCBuildConfiguration;
			baseConfigurationReference = 5ABAB9FE24B8B435CAC2B025 /* Pods-covender.debug.xcconfig */;
			buildSettings = {
				ASSETCATALOG_COMPILER_APPICON_NAME = AppIcon;
				CODE_SIGN_STYLE = Automatic;
				INFOPLIST_FILE = covender/Info.plist;
				LD_RUNPATH_SEARCH_PATHS = (
					"$(inherited)",
					"@executable_path/Frameworks",
				);
				PRODUCT_BUNDLE_IDENTIFIER = com.simarc86.covender;
				PRODUCT_NAME = "$(TARGET_NAME)";
				SWIFT_VERSION = 4.0;
				TARGETED_DEVICE_FAMILY = "1,2";
			};
			name = Debug;
		};
		D08FA2A9218CA0280001FD56 /* Release */ = {
			isa = XCBuildConfiguration;
			baseConfigurationReference = 380F82339958834C2A3A5359 /* Pods-covender.release.xcconfig */;
			buildSettings = {
				ASSETCATALOG_COMPILER_APPICON_NAME = AppIcon;
				CODE_SIGN_STYLE = Automatic;
				INFOPLIST_FILE = covender/Info.plist;
				LD_RUNPATH_SEARCH_PATHS = (
					"$(inherited)",
					"@executable_path/Frameworks",
				);
				PRODUCT_BUNDLE_IDENTIFIER = com.simarc86.covender;
				PRODUCT_NAME = "$(TARGET_NAME)";
				SWIFT_VERSION = 4.0;
				TARGETED_DEVICE_FAMILY = "1,2";
			};
			name = Release;
		};
		D08FA2AB218CA0280001FD56 /* Debug */ = {
			isa = XCBuildConfiguration;
			baseConfigurationReference = 599BC982BCD79ECCAD904D95 /* Pods-covenderTests.debug.xcconfig */;
			buildSettings = {
				ALWAYS_EMBED_SWIFT_STANDARD_LIBRARIES = YES;
				BUNDLE_LOADER = "$(TEST_HOST)";
				CODE_SIGN_STYLE = Automatic;
				INFOPLIST_FILE = covenderTests/Info.plist;
				LD_RUNPATH_SEARCH_PATHS = (
					"$(inherited)",
					"@executable_path/Frameworks",
					"@loader_path/Frameworks",
				);
				PRODUCT_BUNDLE_IDENTIFIER = com.simarc86.covenderTests;
				PRODUCT_NAME = "$(TARGET_NAME)";
				SWIFT_VERSION = 4.0;
				TARGETED_DEVICE_FAMILY = "1,2";
				TEST_HOST = "$(BUILT_PRODUCTS_DIR)/covender.app/covender";
			};
			name = Debug;
		};
		D08FA2AC218CA0280001FD56 /* Release */ = {
			isa = XCBuildConfiguration;
			baseConfigurationReference = 779A8BB7A9FEB190274CE60F /* Pods-covenderTests.release.xcconfig */;
			buildSettings = {
				ALWAYS_EMBED_SWIFT_STANDARD_LIBRARIES = YES;
				BUNDLE_LOADER = "$(TEST_HOST)";
				CODE_SIGN_STYLE = Automatic;
				INFOPLIST_FILE = covenderTests/Info.plist;
				LD_RUNPATH_SEARCH_PATHS = (
					"$(inherited)",
					"@executable_path/Frameworks",
					"@loader_path/Frameworks",
				);
				PRODUCT_BUNDLE_IDENTIFIER = com.simarc86.covenderTests;
				PRODUCT_NAME = "$(TARGET_NAME)";
				SWIFT_VERSION = 4.0;
				TARGETED_DEVICE_FAMILY = "1,2";
				TEST_HOST = "$(BUILT_PRODUCTS_DIR)/covender.app/covender";
			};
			name = Release;
		};
		D08FA2AE218CA0280001FD56 /* Debug */ = {
			isa = XCBuildConfiguration;
			baseConfigurationReference = 6159E042488884B19455A2FE /* Pods-covenderUITests.debug.xcconfig */;
			buildSettings = {
				ALWAYS_EMBED_SWIFT_STANDARD_LIBRARIES = YES;
				CODE_SIGN_STYLE = Automatic;
				INFOPLIST_FILE = covenderUITests/Info.plist;
				LD_RUNPATH_SEARCH_PATHS = (
					"$(inherited)",
					"@executable_path/Frameworks",
					"@loader_path/Frameworks",
				);
				PRODUCT_BUNDLE_IDENTIFIER = com.simarc86.covenderUITests;
				PRODUCT_NAME = "$(TARGET_NAME)";
				SWIFT_VERSION = 4.0;
				TARGETED_DEVICE_FAMILY = "1,2";
				TEST_TARGET_NAME = covender;
			};
			name = Debug;
		};
		D08FA2AF218CA0280001FD56 /* Release */ = {
			isa = XCBuildConfiguration;
			baseConfigurationReference = 5FDBA37DC757796B4B261A3F /* Pods-covenderUITests.release.xcconfig */;
			buildSettings = {
				ALWAYS_EMBED_SWIFT_STANDARD_LIBRARIES = YES;
				CODE_SIGN_STYLE = Automatic;
				INFOPLIST_FILE = covenderUITests/Info.plist;
				LD_RUNPATH_SEARCH_PATHS = (
					"$(inherited)",
					"@executable_path/Frameworks",
					"@loader_path/Frameworks",
				);
				PRODUCT_BUNDLE_IDENTIFIER = com.simarc86.covenderUITests;
				PRODUCT_NAME = "$(TARGET_NAME)";
				SWIFT_VERSION = 4.0;
				TARGETED_DEVICE_FAMILY = "1,2";
				TEST_TARGET_NAME = covender;
			};
			name = Release;
		};
/* End XCBuildConfiguration section */

/* Begin XCConfigurationList section */
		D08FA277218CA0210001FD56 /* Build configuration list for PBXProject "covender" */ = {
			isa = XCConfigurationList;
			buildConfigurations = (
				D08FA2A5218CA0280001FD56 /* Debug */,
				D08FA2A6218CA0280001FD56 /* Release */,
			);
			defaultConfigurationIsVisible = 0;
			defaultConfigurationName = Release;
		};
		D08FA2A7218CA0280001FD56 /* Build configuration list for PBXNativeTarget "covender" */ = {
			isa = XCConfigurationList;
			buildConfigurations = (
				D08FA2A8218CA0280001FD56 /* Debug */,
				D08FA2A9218CA0280001FD56 /* Release */,
			);
			defaultConfigurationIsVisible = 0;
			defaultConfigurationName = Release;
		};
		D08FA2AA218CA0280001FD56 /* Build configuration list for PBXNativeTarget "covenderTests" */ = {
			isa = XCConfigurationList;
			buildConfigurations = (
				D08FA2AB218CA0280001FD56 /* Debug */,
				D08FA2AC218CA0280001FD56 /* Release */,
			);
			defaultConfigurationIsVisible = 0;
			defaultConfigurationName = Release;
		};
		D08FA2AD218CA0280001FD56 /* Build configuration list for PBXNativeTarget "covenderUITests" */ = {
			isa = XCConfigurationList;
			buildConfigurations = (
				D08FA2AE218CA0280001FD56 /* Debug */,
				D08FA2AF218CA0280001FD56 /* Release */,
			);
			defaultConfigurationIsVisible = 0;
			defaultConfigurationName = Release;
		};
/* End XCConfigurationList section */

/* Begin XCVersionGroup section */
		D08FA286218CA0210001FD56 /* covender.xcdatamodeld */ = {
			isa = XCVersionGroup;
			children = (
				D08FA287218CA0210001FD56 /* covender.xcdatamodel */,
			);
			currentVersion = D08FA287218CA0210001FD56 /* covender.xcdatamodel */;
			path = covender.xcdatamodeld;
			sourceTree = "<group>";
			versionGroupType = wrapper.xcdatamodel;
		};
/* End XCVersionGroup section */
	};
	rootObject = D08FA274218CA0210001FD56 /* Project object */;
}
